
Microsoft Visual Studio Solution File, Format Version 12.00
# Visual Studio Version 17
VisualStudioVersion = 17.4.33122.133
MinimumVisualStudioVersion = 10.0.40219.1
Project("{FAE04EC0-301F-11D3-BF4B-00C04F79EFBC}") = "Task_9_PolessUP", "Task_9_PolessUP\Task_9_PolessUP.csproj", "{1971391A-A5A4-4918-A9CF-3D7B1F80E1FA}"
EndProject
Global
	GlobalSection(SolutionConfigurationPlatforms) = preSolution
		Debug|Any CPU = Debug|Any CPU
		Release|Any CPU = Release|Any CPU
	EndGlobalSection
	GlobalSection(ProjectConfigurationPlatforms) = postSolution
		{1971391A-A5A4-4918-A9CF-3D7B1F80E1FA}.Debug|Any CPU.ActiveCfg = Debug|Any CPU
		{1971391A-A5A4-4918-A9CF-3D7B1F80E1FA}.Debug|Any CPU.Build.0 = Debug|Any CPU
		{1971391A-A5A4-4918-A9CF-3D7B1F80E1FA}.Release|Any CPU.ActiveCfg = Release|Any CPU
		{1971391A-A5A4-4918-A9CF-3D7B1F80E1FA}.Release|Any CPU.Build.0 = Release|Any CPU
	EndGlobalSection
	GlobalSection(SolutionProperties) = preSolution
		HideSolutionNode = FALSE
	EndGlobalSection
	GlobalSection(ExtensibilityGlobals) = postSolution
		SolutionGuid = {8CF2D5C3-DF02-42EE-A5BE-08BAF2772E90}
	EndGlobalSection
EndGlobal
